
Microsoft Visual Studio Solution File, Format Version 12.00
# Visual Studio 2012
Project("{FAE04EC0-301F-11D3-BF4B-00C04F79EFBC}") = "ToolKit", "ToolKit\ToolKit.csproj", "{64BDE149-2F82-4A95-AA15-3E295560A2C4}"
EndProject
Project("{2150E333-8FDC-42A3-9474-1A3956D46DE8}") = "Tests", "Tests", "{22195FBD-5D67-4673-A782-93BA5223B533}"
EndProject
Project("{FAE04EC0-301F-11D3-BF4B-00C04F79EFBC}") = "UnitTests", "UnitTests\UnitTests.csproj", "{C7DDEE4D-A9CC-4177-8179-FA425F4FD063}"
EndProject
Global
	GlobalSection(SolutionConfigurationPlatforms) = preSolution
		Debug|Any CPU = Debug|Any CPU
		Release|Any CPU = Release|Any CPU
	EndGlobalSection
	GlobalSection(ProjectConfigurationPlatforms) = postSolution
		{64BDE149-2F82-4A95-AA15-3E295560A2C4}.Debug|Any CPU.ActiveCfg = Debug|Any CPU
		{64BDE149-2F82-4A95-AA15-3E295560A2C4}.Debug|Any CPU.Build.0 = Debug|Any CPU
		{64BDE149-2F82-4A95-AA15-3E295560A2C4}.Release|Any CPU.ActiveCfg = Release|Any CPU
		{64BDE149-2F82-4A95-AA15-3E295560A2C4}.Release|Any CPU.Build.0 = Release|Any CPU
		{C7DDEE4D-A9CC-4177-8179-FA425F4FD063}.Debug|Any CPU.ActiveCfg = Debug|Any CPU
		{C7DDEE4D-A9CC-4177-8179-FA425F4FD063}.Debug|Any CPU.Build.0 = Debug|Any CPU
		{C7DDEE4D-A9CC-4177-8179-FA425F4FD063}.Release|Any CPU.ActiveCfg = Release|Any CPU
		{C7DDEE4D-A9CC-4177-8179-FA425F4FD063}.Release|Any CPU.Build.0 = Release|Any CPU
	EndGlobalSection
	GlobalSection(SolutionProperties) = preSolution
		HideSolutionNode = FALSE
	EndGlobalSection
	GlobalSection(NestedProjects) = preSolution
		{C7DDEE4D-A9CC-4177-8179-FA425F4FD063} = {22195FBD-5D67-4673-A782-93BA5223B533}
	EndGlobalSection
EndGlobal
